// !$*UTF8*$!
{
	archiveVersion = 1;
	classes = {
	};
	objectVersion = 56;
	objects = {

/* Begin PBXBuildFile section */
		691583AC2BE9785B009D5F19 /* Assets.xcassets in Resources */ = {isa = PBXBuildFile; fileRef = 691583AB2BE9785B009D5F19 /* Assets.xcassets */; };
		691583AF2BFD66A2009D5F19 /* ProductDetailsViewController.swift in Sources */ = {isa = PBXBuildFile; fileRef = 691583AE2BFD66A2009D5F19 /* ProductDetailsViewController.swift */; };
		691583B22BFD66EC009D5F19 /* ProductDetailsCollectionTableViewCell.swift in Sources */ = {isa = PBXBuildFile; fileRef = 691583B12BFD66EC009D5F19 /* ProductDetailsCollectionTableViewCell.swift */; };
		691D08612BC41032002E9658 /* NewClothingItemViewController.swift in Sources */ = {isa = PBXBuildFile; fileRef = 691D08602BC41032002E9658 /* NewClothingItemViewController.swift */; };
		691D08632BC41366002E9658 /* NewClothingItemViewModel.swift in Sources */ = {isa = PBXBuildFile; fileRef = 691D08622BC41366002E9658 /* NewClothingItemViewModel.swift */; };
		691D086A2BC6CFDF002E9658 /* AddSizesButtonTableViewCell.swift in Sources */ = {isa = PBXBuildFile; fileRef = 691D08692BC6CFDF002E9658 /* AddSizesButtonTableViewCell.swift */; };
		691D086C2BCADA74002E9658 /* ImagePickerTableViewCell.swift in Sources */ = {isa = PBXBuildFile; fileRef = 691D086B2BCADA74002E9658 /* ImagePickerTableViewCell.swift */; };
		69256DED2BFF7199009D744B /* ProductItem.swift in Sources */ = {isa = PBXBuildFile; fileRef = 69256DEC2BFF7199009D744B /* ProductItem.swift */; };
		69256DEF2BFF7741009D744B /* ProductDetailsViewModel.swift in Sources */ = {isa = PBXBuildFile; fileRef = 69256DEE2BFF7741009D744B /* ProductDetailsViewModel.swift */; };
		69256DF12C051D8A009D744B /* ProductoDetailsCollectionViewCell.swift in Sources */ = {isa = PBXBuildFile; fileRef = 69256DF02C051D8A009D744B /* ProductoDetailsCollectionViewCell.swift */; };
		692EEE8F2BCEA1E400AF8E59 /* NameCategoryTableViewCell.swift in Sources */ = {isa = PBXBuildFile; fileRef = 692EEE8E2BCEA1E400AF8E59 /* NameCategoryTableViewCell.swift */; };
		693C949A2B8D179600B60C8D /* BlurContainerView.swift in Sources */ = {isa = PBXBuildFile; fileRef = 693C94992B8D179600B60C8D /* BlurContainerView.swift */; };
		693FE4FA2B8FB9BB00528A9D /* SizeView.swift in Sources */ = {isa = PBXBuildFile; fileRef = 693FE4F92B8FB9BB00528A9D /* SizeView.swift */; };
		693FE4FC2B8FC0C300528A9D /* TopPartDetailView.swift in Sources */ = {isa = PBXBuildFile; fileRef = 693FE4FB2B8FC0C300528A9D /* TopPartDetailView.swift */; };
		693FE5002B8FC59900528A9D /* ProductDetailViewController.swift in Sources */ = {isa = PBXBuildFile; fileRef = 693FE4FF2B8FC59900528A9D /* ProductDetailViewController.swift */; };
		694168552B97CF3700B64661 /* Category.swift in Sources */ = {isa = PBXBuildFile; fileRef = 694168542B97CF3700B64661 /* Category.swift */; };
		694168572B9A3C6500B64661 /* CategoryViewModel.swift in Sources */ = {isa = PBXBuildFile; fileRef = 694168562B9A3C6500B64661 /* CategoryViewModel.swift */; };
		6941685B2B9A439D00B64661 /* ProductDatailViewModel.swift in Sources */ = {isa = PBXBuildFile; fileRef = 6941685A2B9A439D00B64661 /* ProductDatailViewModel.swift */; };
		6941685E2B9F7B6700B64661 /* Realm in Frameworks */ = {isa = PBXBuildFile; productRef = 6941685D2B9F7B6700B64661 /* Realm */; };
		694168602B9F7B6700B64661 /* RealmSwift in Frameworks */ = {isa = PBXBuildFile; productRef = 6941685F2B9F7B6700B64661 /* RealmSwift */; };
		694168622B9F91A900B64661 /* AddCategoryViewController.swift in Sources */ = {isa = PBXBuildFile; fileRef = 694168612B9F91A900B64661 /* AddCategoryViewController.swift */; };
		694168642BAB725000B64661 /* AddCategoryViewModel.swift in Sources */ = {isa = PBXBuildFile; fileRef = 694168632BAB725000B64661 /* AddCategoryViewModel.swift */; };
		6958D0662C415B7300FAB598 /* NewProductDetailsTableViewCell.swift in Sources */ = {isa = PBXBuildFile; fileRef = 6958D0652C415B7300FAB598 /* NewProductDetailsTableViewCell.swift */; };
		69C732192BBA3299001A9639 /* GoogleService-Info.plist in Resources */ = {isa = PBXBuildFile; fileRef = 69C732182BBA3299001A9639 /* GoogleService-Info.plist */; };
		69C7321C2BBA354F001A9639 /* FirebaseAuth in Frameworks */ = {isa = PBXBuildFile; productRef = 69C7321B2BBA354F001A9639 /* FirebaseAuth */; };
		69C7321E2BBAE8F9001A9639 /* LoginUserModel.swift in Sources */ = {isa = PBXBuildFile; fileRef = 69C7321D2BBAE8F9001A9639 /* LoginUserModel.swift */; };
		69C732212BBAEBA4001A9639 /* LoginRepository.swift in Sources */ = {isa = PBXBuildFile; fileRef = 69C732202BBAEBA4001A9639 /* LoginRepository.swift */; };
		69C732232BBAECB4001A9639 /* LoginViewModel.swift in Sources */ = {isa = PBXBuildFile; fileRef = 69C732222BBAECB4001A9639 /* LoginViewModel.swift */; };
		69C732252BBAEE46001A9639 /* LoginViewController.swift in Sources */ = {isa = PBXBuildFile; fileRef = 69C732242BBAEE46001A9639 /* LoginViewController.swift */; };
		69C732282BBAF262001A9639 /* MyRentTextField.swift in Sources */ = {isa = PBXBuildFile; fileRef = 69C732272BBAF262001A9639 /* MyRentTextField.swift */; };
		69C7322A2BBAFC3E001A9639 /* BlurContainer.swift in Sources */ = {isa = PBXBuildFile; fileRef = 69C732292BBAFC3E001A9639 /* BlurContainer.swift */; };
		69F321822BC0CF33001E9FCC /* User.swift in Sources */ = {isa = PBXBuildFile; fileRef = 69F321812BC0CF33001E9FCC /* User.swift */; };
		69F80E472B755D780060A9B1 /* AppDelegate.swift in Sources */ = {isa = PBXBuildFile; fileRef = 69F80E462B755D780060A9B1 /* AppDelegate.swift */; };
		69F80E492B755D780060A9B1 /* SceneDelegate.swift in Sources */ = {isa = PBXBuildFile; fileRef = 69F80E482B755D780060A9B1 /* SceneDelegate.swift */; };
		69F80E4B2B755D780060A9B1 /* CategoryViewController.swift in Sources */ = {isa = PBXBuildFile; fileRef = 69F80E4A2B755D780060A9B1 /* CategoryViewController.swift */; };
		69F80E532B755D790060A9B1 /* LaunchScreen.storyboard in Resources */ = {isa = PBXBuildFile; fileRef = 69F80E512B755D790060A9B1 /* LaunchScreen.storyboard */; };
		69F80E5C2B7567E30060A9B1 /* CategoryCollectionViewCell.swift in Sources */ = {isa = PBXBuildFile; fileRef = 69F80E5B2B7567E30060A9B1 /* CategoryCollectionViewCell.swift */; };
		69F80E5E2B757D380060A9B1 /* ClothingItem.swift in Sources */ = {isa = PBXBuildFile; fileRef = 69F80E5D2B757D380060A9B1 /* ClothingItem.swift */; };
		69F80E622B757D800060A9B1 /* ClothingListViewModel.swift in Sources */ = {isa = PBXBuildFile; fileRef = 69F80E612B757D800060A9B1 /* ClothingListViewModel.swift */; };
		69F80E662B7673FA0060A9B1 /* UIIHelper.swift in Sources */ = {isa = PBXBuildFile; fileRef = 69F80E652B7673FA0060A9B1 /* UIIHelper.swift */; };
		69F80E682B7EA6730060A9B1 /* ClothingListViewController.swift in Sources */ = {isa = PBXBuildFile; fileRef = 69F80E672B7EA6730060A9B1 /* ClothingListViewController.swift */; };
		69F80E6A2B7FEAFC0060A9B1 /* ClothingTableViewCell.swift in Sources */ = {isa = PBXBuildFile; fileRef = 69F80E692B7FEAFC0060A9B1 /* ClothingTableViewCell.swift */; };
		69F80E6D2B7FF7BC0060A9B1 /* UIView+extensions.swift in Sources */ = {isa = PBXBuildFile; fileRef = 69F80E6C2B7FF7BC0060A9B1 /* UIView+extensions.swift */; };
		69F80E702B86735D0060A9B1 /* ColorManager.swift in Sources */ = {isa = PBXBuildFile; fileRef = 69F80E6F2B86735D0060A9B1 /* ColorManager.swift */; };
/* End PBXBuildFile section */

/* Begin PBXFileReference section */
		691583AB2BE9785B009D5F19 /* Assets.xcassets */ = {isa = PBXFileReference; lastKnownFileType = folder.assetcatalog; path = Assets.xcassets; sourceTree = "<group>"; };
		691583AE2BFD66A2009D5F19 /* ProductDetailsViewController.swift */ = {isa = PBXFileReference; lastKnownFileType = sourcecode.swift; path = ProductDetailsViewController.swift; sourceTree = "<group>"; };
		691583B12BFD66EC009D5F19 /* ProductDetailsCollectionTableViewCell.swift */ = {isa = PBXFileReference; lastKnownFileType = sourcecode.swift; path = ProductDetailsCollectionTableViewCell.swift; sourceTree = "<group>"; };
		691D08602BC41032002E9658 /* NewClothingItemViewController.swift */ = {isa = PBXFileReference; lastKnownFileType = sourcecode.swift; path = NewClothingItemViewController.swift; sourceTree = "<group>"; };
		691D08622BC41366002E9658 /* NewClothingItemViewModel.swift */ = {isa = PBXFileReference; lastKnownFileType = sourcecode.swift; path = NewClothingItemViewModel.swift; sourceTree = "<group>"; };
		691D08692BC6CFDF002E9658 /* AddSizesButtonTableViewCell.swift */ = {isa = PBXFileReference; lastKnownFileType = sourcecode.swift; path = AddSizesButtonTableViewCell.swift; sourceTree = "<group>"; };
		691D086B2BCADA74002E9658 /* ImagePickerTableViewCell.swift */ = {isa = PBXFileReference; lastKnownFileType = sourcecode.swift; path = ImagePickerTableViewCell.swift; sourceTree = "<group>"; };
		69256DEC2BFF7199009D744B /* ProductItem.swift */ = {isa = PBXFileReference; lastKnownFileType = sourcecode.swift; path = ProductItem.swift; sourceTree = "<group>"; };
		69256DEE2BFF7741009D744B /* ProductDetailsViewModel.swift */ = {isa = PBXFileReference; lastKnownFileType = sourcecode.swift; path = ProductDetailsViewModel.swift; sourceTree = "<group>"; };
		69256DF02C051D8A009D744B /* ProductoDetailsCollectionViewCell.swift */ = {isa = PBXFileReference; lastKnownFileType = sourcecode.swift; path = ProductoDetailsCollectionViewCell.swift; sourceTree = "<group>"; };
		692EEE8E2BCEA1E400AF8E59 /* NameCategoryTableViewCell.swift */ = {isa = PBXFileReference; lastKnownFileType = sourcecode.swift; path = NameCategoryTableViewCell.swift; sourceTree = "<group>"; };
		693C94992B8D179600B60C8D /* BlurContainerView.swift */ = {isa = PBXFileReference; lastKnownFileType = sourcecode.swift; path = BlurContainerView.swift; sourceTree = "<group>"; };
		693FE4F92B8FB9BB00528A9D /* SizeView.swift */ = {isa = PBXFileReference; lastKnownFileType = sourcecode.swift; path = SizeView.swift; sourceTree = "<group>"; };
		693FE4FB2B8FC0C300528A9D /* TopPartDetailView.swift */ = {isa = PBXFileReference; lastKnownFileType = sourcecode.swift; path = TopPartDetailView.swift; sourceTree = "<group>"; };
		693FE4FF2B8FC59900528A9D /* ProductDetailViewController.swift */ = {isa = PBXFileReference; lastKnownFileType = sourcecode.swift; path = ProductDetailViewController.swift; sourceTree = "<group>"; };
		694168542B97CF3700B64661 /* Category.swift */ = {isa = PBXFileReference; lastKnownFileType = sourcecode.swift; path = Category.swift; sourceTree = "<group>"; };
		694168562B9A3C6500B64661 /* CategoryViewModel.swift */ = {isa = PBXFileReference; lastKnownFileType = sourcecode.swift; path = CategoryViewModel.swift; sourceTree = "<group>"; };
		6941685A2B9A439D00B64661 /* ProductDatailViewModel.swift */ = {isa = PBXFileReference; lastKnownFileType = sourcecode.swift; path = ProductDatailViewModel.swift; sourceTree = "<group>"; };
		694168612B9F91A900B64661 /* AddCategoryViewController.swift */ = {isa = PBXFileReference; lastKnownFileType = sourcecode.swift; path = AddCategoryViewController.swift; sourceTree = "<group>"; };
		694168632BAB725000B64661 /* AddCategoryViewModel.swift */ = {isa = PBXFileReference; lastKnownFileType = sourcecode.swift; path = AddCategoryViewModel.swift; sourceTree = "<group>"; };
		6958D0652C415B7300FAB598 /* NewProductDetailsTableViewCell.swift */ = {isa = PBXFileReference; lastKnownFileType = sourcecode.swift; path = NewProductDetailsTableViewCell.swift; sourceTree = "<group>"; };
		69C732182BBA3299001A9639 /* GoogleService-Info.plist */ = {isa = PBXFileReference; fileEncoding = 4; lastKnownFileType = text.plist.xml; path = "GoogleService-Info.plist"; sourceTree = "<group>"; };
		69C7321D2BBAE8F9001A9639 /* LoginUserModel.swift */ = {isa = PBXFileReference; lastKnownFileType = sourcecode.swift; path = LoginUserModel.swift; sourceTree = "<group>"; };
		69C732202BBAEBA4001A9639 /* LoginRepository.swift */ = {isa = PBXFileReference; lastKnownFileType = sourcecode.swift; path = LoginRepository.swift; sourceTree = "<group>"; };
		69C732222BBAECB4001A9639 /* LoginViewModel.swift */ = {isa = PBXFileReference; lastKnownFileType = sourcecode.swift; path = LoginViewModel.swift; sourceTree = "<group>"; };
		69C732242BBAEE46001A9639 /* LoginViewController.swift */ = {isa = PBXFileReference; lastKnownFileType = sourcecode.swift; path = LoginViewController.swift; sourceTree = "<group>"; };
		69C732272BBAF262001A9639 /* MyRentTextField.swift */ = {isa = PBXFileReference; lastKnownFileType = sourcecode.swift; path = MyRentTextField.swift; sourceTree = "<group>"; };
		69C732292BBAFC3E001A9639 /* BlurContainer.swift */ = {isa = PBXFileReference; lastKnownFileType = sourcecode.swift; path = BlurContainer.swift; sourceTree = "<group>"; };
		69F321812BC0CF33001E9FCC /* User.swift */ = {isa = PBXFileReference; lastKnownFileType = sourcecode.swift; path = User.swift; sourceTree = "<group>"; };
		69F80E432B755D780060A9B1 /* LuneFcClothes.app */ = {isa = PBXFileReference; explicitFileType = wrapper.application; includeInIndex = 0; path = LuneFcClothes.app; sourceTree = BUILT_PRODUCTS_DIR; };
		69F80E462B755D780060A9B1 /* AppDelegate.swift */ = {isa = PBXFileReference; lastKnownFileType = sourcecode.swift; path = AppDelegate.swift; sourceTree = "<group>"; };
		69F80E482B755D780060A9B1 /* SceneDelegate.swift */ = {isa = PBXFileReference; lastKnownFileType = sourcecode.swift; path = SceneDelegate.swift; sourceTree = "<group>"; };
		69F80E4A2B755D780060A9B1 /* CategoryViewController.swift */ = {isa = PBXFileReference; lastKnownFileType = sourcecode.swift; path = CategoryViewController.swift; sourceTree = "<group>"; };
		69F80E522B755D790060A9B1 /* Base */ = {isa = PBXFileReference; lastKnownFileType = file.storyboard; name = Base; path = Base.lproj/LaunchScreen.storyboard; sourceTree = "<group>"; };
		69F80E542B755D790060A9B1 /* Info.plist */ = {isa = PBXFileReference; lastKnownFileType = text.plist.xml; path = Info.plist; sourceTree = "<group>"; };
		69F80E5B2B7567E30060A9B1 /* CategoryCollectionViewCell.swift */ = {isa = PBXFileReference; lastKnownFileType = sourcecode.swift; path = CategoryCollectionViewCell.swift; sourceTree = "<group>"; };
		69F80E5D2B757D380060A9B1 /* ClothingItem.swift */ = {isa = PBXFileReference; lastKnownFileType = sourcecode.swift; path = ClothingItem.swift; sourceTree = "<group>"; };
		69F80E612B757D800060A9B1 /* ClothingListViewModel.swift */ = {isa = PBXFileReference; lastKnownFileType = sourcecode.swift; path = ClothingListViewModel.swift; sourceTree = "<group>"; };
		69F80E652B7673FA0060A9B1 /* UIIHelper.swift */ = {isa = PBXFileReference; lastKnownFileType = sourcecode.swift; path = UIIHelper.swift; sourceTree = "<group>"; };
		69F80E672B7EA6730060A9B1 /* ClothingListViewController.swift */ = {isa = PBXFileReference; lastKnownFileType = sourcecode.swift; path = ClothingListViewController.swift; sourceTree = "<group>"; };
		69F80E692B7FEAFC0060A9B1 /* ClothingTableViewCell.swift */ = {isa = PBXFileReference; lastKnownFileType = sourcecode.swift; path = ClothingTableViewCell.swift; sourceTree = "<group>"; };
		69F80E6C2B7FF7BC0060A9B1 /* UIView+extensions.swift */ = {isa = PBXFileReference; lastKnownFileType = sourcecode.swift; path = "UIView+extensions.swift"; sourceTree = "<group>"; };
		69F80E6F2B86735D0060A9B1 /* ColorManager.swift */ = {isa = PBXFileReference; lastKnownFileType = sourcecode.swift; path = ColorManager.swift; sourceTree = "<group>"; };
/* End PBXFileReference section */

/* Begin PBXFrameworksBuildPhase section */
		69F80E402B755D780060A9B1 /* Frameworks */ = {
			isa = PBXFrameworksBuildPhase;
			buildActionMask = 2147483647;
			files = (
				694168602B9F7B6700B64661 /* RealmSwift in Frameworks */,
				69C7321C2BBA354F001A9639 /* FirebaseAuth in Frameworks */,
				6941685E2B9F7B6700B64661 /* Realm in Frameworks */,
			);
			runOnlyForDeploymentPostprocessing = 0;
		};
/* End PBXFrameworksBuildPhase section */

/* Begin PBXGroup section */
		691583AD2BEA7C1B009D5F19 /* CollectionCell */ = {
			isa = PBXGroup;
			children = (
				69256DF02C051D8A009D744B /* ProductoDetailsCollectionViewCell.swift */,
			);
			path = CollectionCell;
			sourceTree = "<group>";
		};
		691583B02BFD66AB009D5F19 /* ProductDetails */ = {
			isa = PBXGroup;
			children = (
				691583AE2BFD66A2009D5F19 /* ProductDetailsViewController.swift */,
				69256DEE2BFF7741009D744B /* ProductDetailsViewModel.swift */,
				691583B12BFD66EC009D5F19 /* ProductDetailsCollectionTableViewCell.swift */,
				69256DEB2BFF7174009D744B /* Model */,
				691583AD2BEA7C1B009D5F19 /* CollectionCell */,
			);
			path = ProductDetails;
			sourceTree = "<group>";
		};
		691D085F2BC40F56002E9658 /* NewClothingItem */ = {
			isa = PBXGroup;
			children = (
				691D08602BC41032002E9658 /* NewClothingItemViewController.swift */,
				691D08622BC41366002E9658 /* NewClothingItemViewModel.swift */,
				6958D0642C415B0E00FAB598 /* Cells */,
				691583B02BFD66AB009D5F19 /* ProductDetails */,
			);
			path = NewClothingItem;
			sourceTree = "<group>";
		};
		691D08662BC5E174002E9658 /* Cells */ = {
			isa = PBXGroup;
			children = (
				691D086B2BCADA74002E9658 /* ImagePickerTableViewCell.swift */,
				692EEE8E2BCEA1E400AF8E59 /* NameCategoryTableViewCell.swift */,
				691D08692BC6CFDF002E9658 /* AddSizesButtonTableViewCell.swift */,
			);
			path = Cells;
			sourceTree = "<group>";
		};
		69256DEB2BFF7174009D744B /* Model */ = {
			isa = PBXGroup;
			children = (
				69256DEC2BFF7199009D744B /* ProductItem.swift */,
			);
			path = Model;
			sourceTree = "<group>";
		};
		693C94952B8D174600B60C8D /* UI */ = {
			isa = PBXGroup;
			children = (
				693C94982B8D177E00B60C8D /* Generic Views */,
			);
			path = UI;
			sourceTree = "<group>";
		};
		693C94982B8D177E00B60C8D /* Generic Views */ = {
			isa = PBXGroup;
			children = (
				693C94992B8D179600B60C8D /* BlurContainerView.swift */,
			);
			path = "Generic Views";
			sourceTree = "<group>";
		};
		693FE4F62B8FB5E300528A9D /* Detail View */ = {
			isa = PBXGroup;
			children = (
				693FE4FF2B8FC59900528A9D /* ProductDetailViewController.swift */,
				6941685A2B9A439D00B64661 /* ProductDatailViewModel.swift */,
				693FE4F92B8FB9BB00528A9D /* SizeView.swift */,
				693FE4FB2B8FC0C300528A9D /* TopPartDetailView.swift */,
			);
			path = "Detail View";
			sourceTree = "<group>";
		};
		694168652BB5D50F00B64661 /* Home */ = {
			isa = PBXGroup;
			children = (
				69F80E4A2B755D780060A9B1 /* CategoryViewController.swift */,
				694168562B9A3C6500B64661 /* CategoryViewModel.swift */,
				694168692BB5D75500B64661 /* Cells */,
				694168662BB5D54C00B64661 /* Models */,
				6941686B2BB5D81400B64661 /* Add Category */,
			);
			path = Home;
			sourceTree = "<group>";
		};
		694168662BB5D54C00B64661 /* Models */ = {
			isa = PBXGroup;
			children = (
				694168542B97CF3700B64661 /* Category.swift */,
			);
			path = Models;
			sourceTree = "<group>";
		};
		694168672BB5D68D00B64661 /*  ClothingList */ = {
			isa = PBXGroup;
			children = (
				69F80E672B7EA6730060A9B1 /* ClothingListViewController.swift */,
				69F80E612B757D800060A9B1 /* ClothingListViewModel.swift */,
				6941686A2BB5D7CB00B64661 /* Models */,
				694168682BB5D6DC00B64661 /* Cells */,
				691D085F2BC40F56002E9658 /* NewClothingItem */,
			);
			path = " ClothingList";
			sourceTree = "<group>";
		};
		694168682BB5D6DC00B64661 /* Cells */ = {
			isa = PBXGroup;
			children = (
				69F80E692B7FEAFC0060A9B1 /* ClothingTableViewCell.swift */,
			);
			path = Cells;
			sourceTree = "<group>";
		};
		694168692BB5D75500B64661 /* Cells */ = {
			isa = PBXGroup;
			children = (
				69F80E5B2B7567E30060A9B1 /* CategoryCollectionViewCell.swift */,
			);
			path = Cells;
			sourceTree = "<group>";
		};
		6941686A2BB5D7CB00B64661 /* Models */ = {
			isa = PBXGroup;
			children = (
				69F80E5D2B757D380060A9B1 /* ClothingItem.swift */,
			);
			path = Models;
			sourceTree = "<group>";
		};
		6941686B2BB5D81400B64661 /* Add Category */ = {
			isa = PBXGroup;
			children = (
				694168612B9F91A900B64661 /* AddCategoryViewController.swift */,
				694168632BAB725000B64661 /* AddCategoryViewModel.swift */,
				691D08662BC5E174002E9658 /* Cells */,
			);
			path = "Add Category";
			sourceTree = "<group>";
		};
		6958D0642C415B0E00FAB598 /* Cells */ = {
			isa = PBXGroup;
			children = (
				6958D0652C415B7300FAB598 /* NewProductDetailsTableViewCell.swift */,
			);
			path = Cells;
			sourceTree = "<group>";
		};
		69C732172BBA3128001A9639 /* Login */ = {
			isa = PBXGroup;
			children = (
				69C732242BBAEE46001A9639 /* LoginViewController.swift */,
				69C732222BBAECB4001A9639 /* LoginViewModel.swift */,
				69C7322B2BBCA846001A9639 /* Models */,
				69C732262BBAF246001A9639 /* CustumViews */,
			);
			path = Login;
			sourceTree = "<group>";
		};
		69C7321F2BBAEB8C001A9639 /* LoginRepository */ = {
			isa = PBXGroup;
			children = (
				69C732202BBAEBA4001A9639 /* LoginRepository.swift */,
			);
			path = LoginRepository;
			sourceTree = "<group>";
		};
		69C732262BBAF246001A9639 /* CustumViews */ = {
			isa = PBXGroup;
			children = (
				69C732272BBAF262001A9639 /* MyRentTextField.swift */,
				69C732292BBAFC3E001A9639 /* BlurContainer.swift */,
			);
			path = CustumViews;
			sourceTree = "<group>";
		};
		69C7322B2BBCA846001A9639 /* Models */ = {
			isa = PBXGroup;
			children = (
				69C7321D2BBAE8F9001A9639 /* LoginUserModel.swift */,
				69C7321F2BBAEB8C001A9639 /* LoginRepository */,
			);
			path = Models;
			sourceTree = "<group>";
		};
		69F321802BC0CEFA001E9FCC /* User */ = {
			isa = PBXGroup;
			children = (
				69F321812BC0CF33001E9FCC /* User.swift */,
			);
			path = User;
			sourceTree = "<group>";
		};
		69F80E3A2B755D770060A9B1 = {
			isa = PBXGroup;
			children = (
				69F80E452B755D780060A9B1 /* LuneFcClothes */,
				69F80E442B755D780060A9B1 /* Products */,
			);
			sourceTree = "<group>";
		};
		69F80E442B755D780060A9B1 /* Products */ = {
			isa = PBXGroup;
			children = (
				69F80E432B755D780060A9B1 /* LuneFcClothes.app */,
			);
			name = Products;
			sourceTree = "<group>";
		};
		69F80E452B755D780060A9B1 /* LuneFcClothes */ = {
			isa = PBXGroup;
			children = (
				69F321802BC0CEFA001E9FCC /* User */,
				69C732172BBA3128001A9639 /* Login */,
				694168652BB5D50F00B64661 /* Home */,
				694168672BB5D68D00B64661 /*  ClothingList */,
				693FE4F62B8FB5E300528A9D /* Detail View */,
				693C94952B8D174600B60C8D /* UI */,
				69F80E6E2B8673510060A9B1 /* Manager */,
				69F80E6B2B7FF7590060A9B1 /* Extensions */,
				69F80E642B7673D40060A9B1 /* Utilities */,
				69F80E462B755D780060A9B1 /* AppDelegate.swift */,
				69F80E482B755D780060A9B1 /* SceneDelegate.swift */,
				69F80E512B755D790060A9B1 /* LaunchScreen.storyboard */,
				69F80E542B755D790060A9B1 /* Info.plist */,
				691583AB2BE9785B009D5F19 /* Assets.xcassets */,
				69C732182BBA3299001A9639 /* GoogleService-Info.plist */,
			);
			path = LuneFcClothes;
			sourceTree = "<group>";
		};
		69F80E642B7673D40060A9B1 /* Utilities */ = {
			isa = PBXGroup;
			children = (
				69F80E652B7673FA0060A9B1 /* UIIHelper.swift */,
			);
			path = Utilities;
			sourceTree = "<group>";
		};
		69F80E6B2B7FF7590060A9B1 /* Extensions */ = {
			isa = PBXGroup;
			children = (
				69F80E6C2B7FF7BC0060A9B1 /* UIView+extensions.swift */,
			);
			path = Extensions;
			sourceTree = "<group>";
		};
		69F80E6E2B8673510060A9B1 /* Manager */ = {
			isa = PBXGroup;
			children = (
				69F80E6F2B86735D0060A9B1 /* ColorManager.swift */,
			);
			path = Manager;
			sourceTree = "<group>";
		};
/* End PBXGroup section */

/* Begin PBXNativeTarget section */
		69F80E422B755D780060A9B1 /* LuneFcClothes */ = {
			isa = PBXNativeTarget;
			buildConfigurationList = 69F80E572B755D790060A9B1 /* Build configuration list for PBXNativeTarget "LuneFcClothes" */;
			buildPhases = (
				69F80E3F2B755D780060A9B1 /* Sources */,
				69F80E402B755D780060A9B1 /* Frameworks */,
				69F80E412B755D780060A9B1 /* Resources */,
			);
			buildRules = (
			);
			dependencies = (
			);
			name = LuneFcClothes;
			packageProductDependencies = (
				6941685D2B9F7B6700B64661 /* Realm */,
				6941685F2B9F7B6700B64661 /* RealmSwift */,
				69C7321B2BBA354F001A9639 /* FirebaseAuth */,
			);
			productName = LuneFcClothes;
			productReference = 69F80E432B755D780060A9B1 /* LuneFcClothes.app */;
			productType = "com.apple.product-type.application";
		};
/* End PBXNativeTarget section */

/* Begin PBXProject section */
		69F80E3B2B755D770060A9B1 /* Project object */ = {
			isa = PBXProject;
			attributes = {
				BuildIndependentTargetsInParallel = 1;
				LastSwiftUpdateCheck = 1500;
				LastUpgradeCheck = 1500;
				TargetAttributes = {
					69F80E422B755D780060A9B1 = {
						CreatedOnToolsVersion = 15.0.1;
					};
				};
			};
			buildConfigurationList = 69F80E3E2B755D770060A9B1 /* Build configuration list for PBXProject "LuneFcClothes" */;
			compatibilityVersion = "Xcode 14.0";
			developmentRegion = en;
			hasScannedForEncodings = 0;
			knownRegions = (
				en,
				Base,
			);
			mainGroup = 69F80E3A2B755D770060A9B1;
			packageReferences = (
				6941685C2B9F7B6600B64661 /* XCRemoteSwiftPackageReference "realm-swift" */,
				69C7321A2BBA354F001A9639 /* XCRemoteSwiftPackageReference "firebase-ios-sdk" */,
			);
			productRefGroup = 69F80E442B755D780060A9B1 /* Products */;
			projectDirPath = "";
			projectRoot = "";
			targets = (
				69F80E422B755D780060A9B1 /* LuneFcClothes */,
			);
		};
/* End PBXProject section */

/* Begin PBXResourcesBuildPhase section */
		69F80E412B755D780060A9B1 /* Resources */ = {
			isa = PBXResourcesBuildPhase;
			buildActionMask = 2147483647;
			files = (
				69F80E532B755D790060A9B1 /* LaunchScreen.storyboard in Resources */,
				691583AC2BE9785B009D5F19 /* Assets.xcassets in Resources */,
				69C732192BBA3299001A9639 /* GoogleService-Info.plist in Resources */,
			);
			runOnlyForDeploymentPostprocessing = 0;
		};
/* End PBXResourcesBuildPhase section */

/* Begin PBXSourcesBuildPhase section */
		69F80E3F2B755D780060A9B1 /* Sources */ = {
			isa = PBXSourcesBuildPhase;
			buildActionMask = 2147483647;
			files = (
				69C732232BBAECB4001A9639 /* LoginViewModel.swift in Sources */,
				693FE4FA2B8FB9BB00528A9D /* SizeView.swift in Sources */,
				69F80E5E2B757D380060A9B1 /* ClothingItem.swift in Sources */,
				693FE5002B8FC59900528A9D /* ProductDetailViewController.swift in Sources */,
				69F80E682B7EA6730060A9B1 /* ClothingListViewController.swift in Sources */,
				691D08632BC41366002E9658 /* NewClothingItemViewModel.swift in Sources */,
				691D086C2BCADA74002E9658 /* ImagePickerTableViewCell.swift in Sources */,
				69F321822BC0CF33001E9FCC /* User.swift in Sources */,
				69256DF12C051D8A009D744B /* ProductoDetailsCollectionViewCell.swift in Sources */,
				691583AF2BFD66A2009D5F19 /* ProductDetailsViewController.swift in Sources */,
				69F80E622B757D800060A9B1 /* ClothingListViewModel.swift in Sources */,
				69F80E6A2B7FEAFC0060A9B1 /* ClothingTableViewCell.swift in Sources */,
				69F80E702B86735D0060A9B1 /* ColorManager.swift in Sources */,
				69C732212BBAEBA4001A9639 /* LoginRepository.swift in Sources */,
				69F80E4B2B755D780060A9B1 /* CategoryViewController.swift in Sources */,
				69C7322A2BBAFC3E001A9639 /* BlurContainer.swift in Sources */,
				69F80E472B755D780060A9B1 /* AppDelegate.swift in Sources */,
				693FE4FC2B8FC0C300528A9D /* TopPartDetailView.swift in Sources */,
				69C732252BBAEE46001A9639 /* LoginViewController.swift in Sources */,
				69F80E6D2B7FF7BC0060A9B1 /* UIView+extensions.swift in Sources */,
				694168552B97CF3700B64661 /* Category.swift in Sources */,
				69C732282BBAF262001A9639 /* MyRentTextField.swift in Sources */,
				691D08612BC41032002E9658 /* NewClothingItemViewController.swift in Sources */,
				69C7321E2BBAE8F9001A9639 /* LoginUserModel.swift in Sources */,
				69256DED2BFF7199009D744B /* ProductItem.swift in Sources */,
				69F80E5C2B7567E30060A9B1 /* CategoryCollectionViewCell.swift in Sources */,
				69256DEF2BFF7741009D744B /* ProductDetailsViewModel.swift in Sources */,
				69F80E662B7673FA0060A9B1 /* UIIHelper.swift in Sources */,
				694168642BAB725000B64661 /* AddCategoryViewModel.swift in Sources */,
				6958D0662C415B7300FAB598 /* NewProductDetailsTableViewCell.swift in Sources */,
				693C949A2B8D179600B60C8D /* BlurContainerView.swift in Sources */,
				694168572B9A3C6500B64661 /* CategoryViewModel.swift in Sources */,
				691D086A2BC6CFDF002E9658 /* AddSizesButtonTableViewCell.swift in Sources */,
				692EEE8F2BCEA1E400AF8E59 /* NameCategoryTableViewCell.swift in Sources */,
				69F80E492B755D780060A9B1 /* SceneDelegate.swift in Sources */,
				6941685B2B9A439D00B64661 /* ProductDatailViewModel.swift in Sources */,
				691583B22BFD66EC009D5F19 /* ProductDetailsCollectionTableViewCell.swift in Sources */,
				694168622B9F91A900B64661 /* AddCategoryViewController.swift in Sources */,
			);
			runOnlyForDeploymentPostprocessing = 0;
		};
/* End PBXSourcesBuildPhase section */

/* Begin PBXVariantGroup section */
		69F80E512B755D790060A9B1 /* LaunchScreen.storyboard */ = {
			isa = PBXVariantGroup;
			children = (
				69F80E522B755D790060A9B1 /* Base */,
			);
			name = LaunchScreen.storyboard;
			sourceTree = "<group>";
		};
/* End PBXVariantGroup section */

/* Begin XCBuildConfiguration section */
		69F80E552B755D790060A9B1 /* Debug */ = {
			isa = XCBuildConfiguration;
			buildSettings = {
				ALWAYS_SEARCH_USER_PATHS = NO;
				ASSETCATALOG_COMPILER_GENERATE_SWIFT_ASSET_SYMBOL_EXTENSIONS = YES;
				CLANG_ANALYZER_NONNULL = YES;
				CLANG_ANALYZER_NUMBER_OBJECT_CONVERSION = YES_AGGRESSIVE;
				CLANG_CXX_LANGUAGE_STANDARD = "gnu++20";
				CLANG_ENABLE_MODULES = YES;
				CLANG_ENABLE_OBJC_ARC = YES;
				CLANG_ENABLE_OBJC_WEAK = YES;
				CLANG_WARN_BLOCK_CAPTURE_AUTORELEASING = YES;
				CLANG_WARN_BOOL_CONVERSION = YES;
				CLANG_WARN_COMMA = YES;
				CLANG_WARN_CONSTANT_CONVERSION = YES;
				CLANG_WARN_DEPRECATED_OBJC_IMPLEMENTATIONS = YES;
				CLANG_WARN_DIRECT_OBJC_ISA_USAGE = YES_ERROR;
				CLANG_WARN_DOCUMENTATION_COMMENTS = YES;
				CLANG_WARN_EMPTY_BODY = YES;
				CLANG_WARN_ENUM_CONVERSION = YES;
				CLANG_WARN_INFINITE_RECURSION = YES;
				CLANG_WARN_INT_CONVERSION = YES;
				CLANG_WARN_NON_LITERAL_NULL_CONVERSION = YES;
				CLANG_WARN_OBJC_IMPLICIT_RETAIN_SELF = YES;
				CLANG_WARN_OBJC_LITERAL_CONVERSION = YES;
				CLANG_WARN_OBJC_ROOT_CLASS = YES_ERROR;
				CLANG_WARN_QUOTED_INCLUDE_IN_FRAMEWORK_HEADER = YES;
				CLANG_WARN_RANGE_LOOP_ANALYSIS = YES;
				CLANG_WARN_STRICT_PROTOTYPES = YES;
				CLANG_WARN_SUSPICIOUS_MOVE = YES;
				CLANG_WARN_UNGUARDED_AVAILABILITY = YES_AGGRESSIVE;
				CLANG_WARN_UNREACHABLE_CODE = YES;
				CLANG_WARN__DUPLICATE_METHOD_MATCH = YES;
				COPY_PHASE_STRIP = NO;
				DEBUG_INFORMATION_FORMAT = dwarf;
				ENABLE_STRICT_OBJC_MSGSEND = YES;
				ENABLE_TESTABILITY = YES;
				ENABLE_USER_SCRIPT_SANDBOXING = YES;
				GCC_C_LANGUAGE_STANDARD = gnu17;
				GCC_DYNAMIC_NO_PIC = NO;
				GCC_NO_COMMON_BLOCKS = YES;
				GCC_OPTIMIZATION_LEVEL = 0;
				GCC_PREPROCESSOR_DEFINITIONS = (
					"DEBUG=1",
					"$(inherited)",
				);
				GCC_WARN_64_TO_32_BIT_CONVERSION = YES;
				GCC_WARN_ABOUT_RETURN_TYPE = YES_ERROR;
				GCC_WARN_UNDECLARED_SELECTOR = YES;
				GCC_WARN_UNINITIALIZED_AUTOS = YES_AGGRESSIVE;
				GCC_WARN_UNUSED_FUNCTION = YES;
				GCC_WARN_UNUSED_VARIABLE = YES;
				IPHONEOS_DEPLOYMENT_TARGET = 17.0;
				LOCALIZATION_PREFERS_STRING_CATALOGS = YES;
				MTL_ENABLE_DEBUG_INFO = INCLUDE_SOURCE;
				MTL_FAST_MATH = YES;
				ONLY_ACTIVE_ARCH = YES;
				SDKROOT = iphoneos;
				SWIFT_ACTIVE_COMPILATION_CONDITIONS = "DEBUG $(inherited)";
				SWIFT_OPTIMIZATION_LEVEL = "-Onone";
			};
			name = Debug;
		};
		69F80E562B755D790060A9B1 /* Release */ = {
			isa = XCBuildConfiguration;
			buildSettings = {
				ALWAYS_SEARCH_USER_PATHS = NO;
				ASSETCATALOG_COMPILER_GENERATE_SWIFT_ASSET_SYMBOL_EXTENSIONS = YES;
				CLANG_ANALYZER_NONNULL = YES;
				CLANG_ANALYZER_NUMBER_OBJECT_CONVERSION = YES_AGGRESSIVE;
				CLANG_CXX_LANGUAGE_STANDARD = "gnu++20";
				CLANG_ENABLE_MODULES = YES;
				CLANG_ENABLE_OBJC_ARC = YES;
				CLANG_ENABLE_OBJC_WEAK = YES;
				CLANG_WARN_BLOCK_CAPTURE_AUTORELEASING = YES;
				CLANG_WARN_BOOL_CONVERSION = YES;
				CLANG_WARN_COMMA = YES;
				CLANG_WARN_CONSTANT_CONVERSION = YES;
				CLANG_WARN_DEPRECATED_OBJC_IMPLEMENTATIONS = YES;
				CLANG_WARN_DIRECT_OBJC_ISA_USAGE = YES_ERROR;
				CLANG_WARN_DOCUMENTATION_COMMENTS = YES;
				CLANG_WARN_EMPTY_BODY = YES;
				CLANG_WARN_ENUM_CONVERSION = YES;
				CLANG_WARN_INFINITE_RECURSION = YES;
				CLANG_WARN_INT_CONVERSION = YES;
				CLANG_WARN_NON_LITERAL_NULL_CONVERSION = YES;
				CLANG_WARN_OBJC_IMPLICIT_RETAIN_SELF = YES;
				CLANG_WARN_OBJC_LITERAL_CONVERSION = YES;
				CLANG_WARN_OBJC_ROOT_CLASS = YES_ERROR;
				CLANG_WARN_QUOTED_INCLUDE_IN_FRAMEWORK_HEADER = YES;
				CLANG_WARN_RANGE_LOOP_ANALYSIS = YES;
				CLANG_WARN_STRICT_PROTOTYPES = YES;
				CLANG_WARN_SUSPICIOUS_MOVE = YES;
				CLANG_WARN_UNGUARDED_AVAILABILITY = YES_AGGRESSIVE;
				CLANG_WARN_UNREACHABLE_CODE = YES;
				CLANG_WARN__DUPLICATE_METHOD_MATCH = YES;
				COPY_PHASE_STRIP = NO;
				DEBUG_INFORMATION_FORMAT = "dwarf-with-dsym";
				ENABLE_NS_ASSERTIONS = NO;
				ENABLE_STRICT_OBJC_MSGSEND = YES;
				ENABLE_USER_SCRIPT_SANDBOXING = YES;
				GCC_C_LANGUAGE_STANDARD = gnu17;
				GCC_NO_COMMON_BLOCKS = YES;
				GCC_WARN_64_TO_32_BIT_CONVERSION = YES;
				GCC_WARN_ABOUT_RETURN_TYPE = YES_ERROR;
				GCC_WARN_UNDECLARED_SELECTOR = YES;
				GCC_WARN_UNINITIALIZED_AUTOS = YES_AGGRESSIVE;
				GCC_WARN_UNUSED_FUNCTION = YES;
				GCC_WARN_UNUSED_VARIABLE = YES;
				IPHONEOS_DEPLOYMENT_TARGET = 17.0;
				LOCALIZATION_PREFERS_STRING_CATALOGS = YES;
				MTL_ENABLE_DEBUG_INFO = NO;
				MTL_FAST_MATH = YES;
				SDKROOT = iphoneos;
				SWIFT_COMPILATION_MODE = wholemodule;
				VALIDATE_PRODUCT = YES;
			};
			name = Release;
		};
		69F80E582B755D790060A9B1 /* Debug */ = {
			isa = XCBuildConfiguration;
			buildSettings = {
				ASSETCATALOG_COMPILER_APPICON_NAME = AppIcon;
				ASSETCATALOG_COMPILER_GLOBAL_ACCENT_COLOR_NAME = AccentColor;
				CODE_SIGN_STYLE = Automatic;
				CURRENT_PROJECT_VERSION = 1;
				DEVELOPMENT_TEAM = 3ZR3X2FM56;
				GENERATE_INFOPLIST_FILE = YES;
				INFOPLIST_FILE = LuneFcClothes/Info.plist;
				INFOPLIST_KEY_LSApplicationCategoryType = "";
				INFOPLIST_KEY_UIApplicationSupportsIndirectInputEvents = YES;
				INFOPLIST_KEY_UILaunchStoryboardName = LaunchScreen;
				INFOPLIST_KEY_UISupportedInterfaceOrientations_iPad = "UIInterfaceOrientationPortrait UIInterfaceOrientationPortraitUpsideDown UIInterfaceOrientationLandscapeLeft UIInterfaceOrientationLandscapeRight";
				INFOPLIST_KEY_UISupportedInterfaceOrientations_iPhone = "UIInterfaceOrientationPortrait UIInterfaceOrientationLandscapeLeft UIInterfaceOrientationLandscapeRight";
				LD_RUNPATH_SEARCH_PATHS = (
					"$(inherited)",
					"@executable_path/Frameworks",
				);
				MARKETING_VERSION = 1.0;
				PRODUCT_BUNDLE_IDENTIFIER = com.oriana.LuneFcClothes;
				PRODUCT_NAME = "$(TARGET_NAME)";
				SWIFT_EMIT_LOC_STRINGS = YES;
				SWIFT_VERSION = 5.0;
				TARGETED_DEVICE_FAMILY = "1,2";
			};
			name = Debug;
		};
		69F80E592B755D790060A9B1 /* Release */ = {
			isa = XCBuildConfiguration;
			buildSettings = {
				ASSETCATALOG_COMPILER_APPICON_NAME = AppIcon;
				ASSETCATALOG_COMPILER_GLOBAL_ACCENT_COLOR_NAME = AccentColor;
				CODE_SIGN_STYLE = Automatic;
				CURRENT_PROJECT_VERSION = 1;
				DEVELOPMENT_TEAM = 3ZR3X2FM56;
				GENERATE_INFOPLIST_FILE = YES;
				INFOPLIST_FILE = LuneFcClothes/Info.plist;
				INFOPLIST_KEY_LSApplicationCategoryType = "";
				INFOPLIST_KEY_UIApplicationSupportsIndirectInputEvents = YES;
				INFOPLIST_KEY_UILaunchStoryboardName = LaunchScreen;
				INFOPLIST_KEY_UISupportedInterfaceOrientations_iPad = "UIInterfaceOrientationPortrait UIInterfaceOrientationPortraitUpsideDown UIInterfaceOrientationLandscapeLeft UIInterfaceOrientationLandscapeRight";
				INFOPLIST_KEY_UISupportedInterfaceOrientations_iPhone = "UIInterfaceOrientationPortrait UIInterfaceOrientationLandscapeLeft UIInterfaceOrientationLandscapeRight";
				LD_RUNPATH_SEARCH_PATHS = (
					"$(inherited)",
					"@executable_path/Frameworks",
				);
				MARKETING_VERSION = 1.0;
				PRODUCT_BUNDLE_IDENTIFIER = com.oriana.LuneFcClothes;
				PRODUCT_NAME = "$(TARGET_NAME)";
				SWIFT_EMIT_LOC_STRINGS = YES;
				SWIFT_VERSION = 5.0;
				TARGETED_DEVICE_FAMILY = "1,2";
			};
			name = Release;
		};
/* End XCBuildConfiguration section */

/* Begin XCConfigurationList section */
		69F80E3E2B755D770060A9B1 /* Build configuration list for PBXProject "LuneFcClothes" */ = {
			isa = XCConfigurationList;
			buildConfigurations = (
				69F80E552B755D790060A9B1 /* Debug */,
				69F80E562B755D790060A9B1 /* Release */,
			);
			defaultConfigurationIsVisible = 0;
			defaultConfigurationName = Release;
		};
		69F80E572B755D790060A9B1 /* Build configuration list for PBXNativeTarget "LuneFcClothes" */ = {
			isa = XCConfigurationList;
			buildConfigurations = (
				69F80E582B755D790060A9B1 /* Debug */,
				69F80E592B755D790060A9B1 /* Release */,
			);
			defaultConfigurationIsVisible = 0;
			defaultConfigurationName = Release;
		};
/* End XCConfigurationList section */

/* Begin XCRemoteSwiftPackageReference section */
		6941685C2B9F7B6600B64661 /* XCRemoteSwiftPackageReference "realm-swift" */ = {
			isa = XCRemoteSwiftPackageReference;
			repositoryURL = "https://github.com/realm/realm-swift.git";
			requirement = {
				kind = exactVersion;
				version = 10.48.0;
			};
		};
		69C7321A2BBA354F001A9639 /* XCRemoteSwiftPackageReference "firebase-ios-sdk" */ = {
			isa = XCRemoteSwiftPackageReference;
			repositoryURL = "https://github.com/firebase/firebase-ios-sdk";
			requirement = {
				kind = upToNextMajorVersion;
				minimumVersion = 10.23.1;
			};
		};
/* End XCRemoteSwiftPackageReference section */

/* Begin XCSwiftPackageProductDependency section */
		6941685D2B9F7B6700B64661 /* Realm */ = {
			isa = XCSwiftPackageProductDependency;
			package = 6941685C2B9F7B6600B64661 /* XCRemoteSwiftPackageReference "realm-swift" */;
			productName = Realm;
		};
		6941685F2B9F7B6700B64661 /* RealmSwift */ = {
			isa = XCSwiftPackageProductDependency;
			package = 6941685C2B9F7B6600B64661 /* XCRemoteSwiftPackageReference "realm-swift" */;
			productName = RealmSwift;
		};
		69C7321B2BBA354F001A9639 /* FirebaseAuth */ = {
			isa = XCSwiftPackageProductDependency;
			package = 69C7321A2BBA354F001A9639 /* XCRemoteSwiftPackageReference "firebase-ios-sdk" */;
			productName = FirebaseAuth;
		};
/* End XCSwiftPackageProductDependency section */
	};
	rootObject = 69F80E3B2B755D770060A9B1 /* Project object */;
}
